
Microsoft Visual Studio Solution File, Format Version 12.00
# Visual Studio 14
VisualStudioVersion = 14.0.24720.0
MinimumVisualStudioVersion = 10.0.40219.1
Project("{FAE04EC0-301F-11D3-BF4B-00C04F79EFBC}") = "CapstoneDeliveryService", "CapstoneDeliveryService\CapstoneDeliveryService.csproj", "{A84C05A2-C77D-43B3-B96A-5D4AB1EBE50B}"
EndProject
Global
	GlobalSection(SolutionConfigurationPlatforms) = preSolution
		Debug|Any CPU = Debug|Any CPU
		Release|Any CPU = Release|Any CPU
	EndGlobalSection
	GlobalSection(ProjectConfigurationPlatforms) = postSolution
		{A84C05A2-C77D-43B3-B96A-5D4AB1EBE50B}.Debug|Any CPU.ActiveCfg = Debug|Any CPU
		{A84C05A2-C77D-43B3-B96A-5D4AB1EBE50B}.Debug|Any CPU.Build.0 = Debug|Any CPU
		{A84C05A2-C77D-43B3-B96A-5D4AB1EBE50B}.Release|Any CPU.ActiveCfg = Release|Any CPU
		{A84C05A2-C77D-43B3-B96A-5D4AB1EBE50B}.Release|Any CPU.Build.0 = Release|Any CPU
	EndGlobalSection
	GlobalSection(SolutionProperties) = preSolution
		HideSolutionNode = FALSE
	EndGlobalSection
EndGlobal
